
Microsoft Visual Studio Solution File, Format Version 12.00
# Visual Studio Version 16
VisualStudioVersion = 16.0.30907.101
MinimumVisualStudioVersion = 10.0.40219.1
Project("{9A19103F-16F7-4668-BE54-9A1E7A4F7556}") = "BreadTh.StronglyApied.Http.Samples", "samples\BreadTh.StronglyApied.Http.Samples.csproj", "{379FF992-1EF3-4F89-B821-3E2479EB7DDF}"
EndProject
Project("{9A19103F-16F7-4668-BE54-9A1E7A4F7556}") = "BreadTh.StronglyApied.Http", "src\BreadTh.StronglyApied.Http.csproj", "{61C19DD6-0C83-4877-BB15-6F519531C445}"
EndProject
Project("{9A19103F-16F7-4668-BE54-9A1E7A4F7556}") = "BreadTh.StronglyApied.Http.Tests", "tests\BreadTh.StronglyApied.Http.Tests.csproj", "{BD83560D-8235-4EF0-8038-3D387CA094A2}"
EndProject
Project("{9A19103F-16F7-4668-BE54-9A1E7A4F7556}") = "BreadTh.StronglyApied", "..\StronglyApied\src\BreadTh.StronglyApied.csproj", "{46926818-239E-4D5C-8811-A828CC3DA22B}"
EndProject
Project("{9A19103F-16F7-4668-BE54-9A1E7A4F7556}") = "ErrorDescriptions", "..\ErrorDescriptions\src\ErrorDescriptions\ErrorDescriptions.csproj", "{9080BFFE-B250-4FA1-8E4C-90CAE8B30700}"
EndProject
Global
	GlobalSection(SolutionConfigurationPlatforms) = preSolution
		Debug|Any CPU = Debug|Any CPU
		Release|Any CPU = Release|Any CPU
	EndGlobalSection
	GlobalSection(ProjectConfigurationPlatforms) = postSolution
		{379FF992-1EF3-4F89-B821-3E2479EB7DDF}.Debug|Any CPU.ActiveCfg = Debug|Any CPU
		{379FF992-1EF3-4F89-B821-3E2479EB7DDF}.Debug|Any CPU.Build.0 = Debug|Any CPU
		{379FF992-1EF3-4F89-B821-3E2479EB7DDF}.Release|Any CPU.ActiveCfg = Release|Any CPU
		{379FF992-1EF3-4F89-B821-3E2479EB7DDF}.Release|Any CPU.Build.0 = Release|Any CPU
		{61C19DD6-0C83-4877-BB15-6F519531C445}.Debug|Any CPU.ActiveCfg = Debug|Any CPU
		{61C19DD6-0C83-4877-BB15-6F519531C445}.Debug|Any CPU.Build.0 = Debug|Any CPU
		{61C19DD6-0C83-4877-BB15-6F519531C445}.Release|Any CPU.ActiveCfg = Release|Any CPU
		{61C19DD6-0C83-4877-BB15-6F519531C445}.Release|Any CPU.Build.0 = Release|Any CPU
		{BD83560D-8235-4EF0-8038-3D387CA094A2}.Debug|Any CPU.ActiveCfg = Debug|Any CPU
		{BD83560D-8235-4EF0-8038-3D387CA094A2}.Debug|Any CPU.Build.0 = Debug|Any CPU
		{BD83560D-8235-4EF0-8038-3D387CA094A2}.Release|Any CPU.ActiveCfg = Release|Any CPU
		{BD83560D-8235-4EF0-8038-3D387CA094A2}.Release|Any CPU.Build.0 = Release|Any CPU
		{46926818-239E-4D5C-8811-A828CC3DA22B}.Debug|Any CPU.ActiveCfg = Debug|Any CPU
		{46926818-239E-4D5C-8811-A828CC3DA22B}.Debug|Any CPU.Build.0 = Debug|Any CPU
		{46926818-239E-4D5C-8811-A828CC3DA22B}.Release|Any CPU.ActiveCfg = Release|Any CPU
		{46926818-239E-4D5C-8811-A828CC3DA22B}.Release|Any CPU.Build.0 = Release|Any CPU
		{9080BFFE-B250-4FA1-8E4C-90CAE8B30700}.Debug|Any CPU.ActiveCfg = Debug|Any CPU
		{9080BFFE-B250-4FA1-8E4C-90CAE8B30700}.Debug|Any CPU.Build.0 = Debug|Any CPU
		{9080BFFE-B250-4FA1-8E4C-90CAE8B30700}.Release|Any CPU.ActiveCfg = Release|Any CPU
		{9080BFFE-B250-4FA1-8E4C-90CAE8B30700}.Release|Any CPU.Build.0 = Release|Any CPU
	EndGlobalSection
	GlobalSection(SolutionProperties) = preSolution
		HideSolutionNode = FALSE
	EndGlobalSection
	GlobalSection(ExtensibilityGlobals) = postSolution
		SolutionGuid = {5B22C961-7A72-4EB0-A1D7-2BCCC7151C16}
	EndGlobalSection
EndGlobal
